
Microsoft Visual Studio Solution File, Format Version 12.00
# Visual Studio Version 17
VisualStudioVersion = 17.9.34728.123
MinimumVisualStudioVersion = 10.0.40219.1
Project("{9A19103F-16F7-4668-BE54-9A1E7A4F7556}") = "WebApiPerson", "WebApiPerson\WebApiPerson.csproj", "{FC819AFA-BE54-4EAD-94E7-92B5C0CD9D56}"
EndProject
Project("{E53339B2-1760-4266-BCC7-CA923CBCF16C}") = "docker-compose", "docker-compose.dcproj", "{8E3F8C27-624D-42B8-821D-D81F5B9AD14F}"
EndProject
Project("{FAE04EC0-301F-11D3-BF4B-00C04F79EFBC}") = "TestProject", "..\TestProject\TestProject.csproj", "{820D465A-A09D-4D61-99E6-26B0ECAB0E0E}"
EndProject
Global
	GlobalSection(SolutionConfigurationPlatforms) = preSolution
		Debug|Any CPU = Debug|Any CPU
		Release|Any CPU = Release|Any CPU
	EndGlobalSection
	GlobalSection(ProjectConfigurationPlatforms) = postSolution
		{FC819AFA-BE54-4EAD-94E7-92B5C0CD9D56}.Debug|Any CPU.ActiveCfg = Debug|Any CPU
		{FC819AFA-BE54-4EAD-94E7-92B5C0CD9D56}.Debug|Any CPU.Build.0 = Debug|Any CPU
		{FC819AFA-BE54-4EAD-94E7-92B5C0CD9D56}.Release|Any CPU.ActiveCfg = Release|Any CPU
		{FC819AFA-BE54-4EAD-94E7-92B5C0CD9D56}.Release|Any CPU.Build.0 = Release|Any CPU
		{8E3F8C27-624D-42B8-821D-D81F5B9AD14F}.Debug|Any CPU.ActiveCfg = Debug|Any CPU
		{8E3F8C27-624D-42B8-821D-D81F5B9AD14F}.Debug|Any CPU.Build.0 = Debug|Any CPU
		{8E3F8C27-624D-42B8-821D-D81F5B9AD14F}.Release|Any CPU.ActiveCfg = Release|Any CPU
		{8E3F8C27-624D-42B8-821D-D81F5B9AD14F}.Release|Any CPU.Build.0 = Release|Any CPU
		{820D465A-A09D-4D61-99E6-26B0ECAB0E0E}.Debug|Any CPU.ActiveCfg = Debug|Any CPU
		{820D465A-A09D-4D61-99E6-26B0ECAB0E0E}.Debug|Any CPU.Build.0 = Debug|Any CPU
		{820D465A-A09D-4D61-99E6-26B0ECAB0E0E}.Release|Any CPU.ActiveCfg = Release|Any CPU
		{820D465A-A09D-4D61-99E6-26B0ECAB0E0E}.Release|Any CPU.Build.0 = Release|Any CPU
	EndGlobalSection
	GlobalSection(SolutionProperties) = preSolution
		HideSolutionNode = FALSE
	EndGlobalSection
	GlobalSection(ExtensibilityGlobals) = postSolution
		SolutionGuid = {D1F67356-1A73-4600-8934-C426AEB6C82D}
	EndGlobalSection
EndGlobal
